<?xml version="1.0" encoding="utf-8"?>
<Project ToolsVersion="17.0" xmlns="http://schemas.microsoft.com/developer/msbuild/2003">
  <ItemGroup>
    <ClCompile Include="D:\device_platform\STM32F407ZG76\ui_pc\host_main.cpp">
      <Filter>Source Files</Filter>
    </ClCompile>
  </ItemGroup>
  <ItemGroup>
    <CustomBuild Include="D:\device_platform\STM32F407ZG76\ui_pc\CMakeLists.txt" />
  </ItemGroup>
  <ItemGroup>
    <Filter Include="Source Files">
      <UniqueIdentifier>{6A0BFEB8-4B43-35DF-B516-CBD93690B14F}</UniqueIdentifier>
    </Filter>
  </ItemGroup>
</Project>
